github.com/ProtonMail/go-crypto v0.0.0-20220517143526-88bb52951d5b h1:lcbBNuQhppsc7A5gjdHmdlqUqJfgGMylBdGyDs0j7G8=
github.com/ProtonMail/go-crypto v0.0.0-20220517143526-88bb52951d5b/go.mod h1:z4/9nQmJSSwwds7ejkxaJwO37dru3geImFUdJlaLzQo=
github.com/boltdb/bolt v1.3.1 h1:JQmyP4ZBrce+ZQu0dY660FMfatumYDLun9hBCUVIkF4=
github.com/boltdb/bolt v1.3.1/go.mod h1:clJnj/oiGkjum5o1McbSZDSLxVThjynRyGBgiAx27Ps=
github.com/emersion/go-bcrypt v0.0.0-20170822072041-6e724a1baa63 h1:7aCSuwTBzg7BCPRRaBJD0weKZYdeAykOrY6ktpx8Vvc=
github.com/emersion/go-bcrypt v0.0.0-20170822072041-6e724a1baa63/go.mod h1:eRwwJnuLVFtYTC+AI2JDJTMcuQUTYhBIK4I6bC5tpqw=
github.com/emersion/go-ical v0.0.0-20200224201310-cd514449c39e/go.mod h1:4xVTBPcT43a1pp3vdaa+FuRdX5XhKCZPpWv7m0z9ByM=
github.com/emersion/go-mbox v1.0.2 h1:tE/rT+lEugK9y0myEymCCHnwlZN04hlXPrbKkxRBA5I=
github.com/emersion/go-mbox v1.0.2/go.mod h1:Yp9IVuuOYLEuMv4yjgDHvhb5mHOcYH6x92Oas3QqEZI=
github.com/emersion/go-message v0.16.0 h1:uZLz8ClLv3V5fSFF/fFdW9jXjrZkXIpE1Fn8fKx7pO4=
github.com/emersion/go-message v0.16.0/go.mod h1:pDJDgf/xeUIF+eicT6B/hPX/ZbEorKkUMPOxrPVG2eQ=
github.com/emersion/go-textwrapper v0.0.0-20200911093747-65d896831594 h1:IbFBtwoTQyw0fIM5xv1HF+Y+3ZijDR839WMulgxCcUY=
github.com/emersion/go-textwrapper v0.0.0-20200911093747-65d896831594/go.mod h1:aqO8z8wPrjkscevZJFVE1wXJrLpC5LtJG7fqLOsPb2U=
github.com/emersion/go-vcard v0.0.0-20191221110513-5f81fa0d3cc7/go.mod h1:HMJKR5wlh/ziNp+sHEDV2ltblO4JD2+IdDOWtGcQBTM=
github.com/emersion/go-vcard v0.0.0-20220507122617-d4056df0ec4a h1:cltZpe6s0SJtqK5c/5y2VrIYi8BAtDM6qjmiGYqfTik=
github.com/emersion/go-vcard v0.0.0-20220507122617-d4056df0ec4a/go.mod h1:HMJKR5wlh/ziNp+sHEDV2ltblO4JD2+IdDOWtGcQBTM=
github.com/emersion/go-webdav v0.3.2-0.20220524091811-5d845721d8f7 h1:HqrKOBl8HdSnlo8kz72tCU36aK3WwSmpnnz04+dD0oc=
github.com/emersion/go-webdav v0.3.2-0.20220524091811-5d845721d8f7/go.mod h1:uSM1VveeKtogBVWaYccTksToczooJ0rrVGNsgnDsr4Q=
github.com/mattn/go-isatty v0.0.14 h1:yVuAays6BHfxijgZPzw+3Zlu5yQgKGP2/hcQbHb7S9Y=
github.com/mattn/go-isatty v0.0.14/go.mod h1:7GGIvUiUoEMVVmxf/4nioHXj79iQHKdU27kJ6hsGG94=
github.com/sebas05000/go-imap v1.1.2 h1:fR9U3CdVXYmcg3GTilaroGS+qnmM6cPWUBd2ys7xoF0=
github.com/sebas05000/go-imap v1.1.2/go.mod h1:0N4ifsxxGYgWT0ncFgLqNe3mWtMeZtY3C6eqEK0FVKw=
github.com/sebas05000/go-imap-move v1.1.2 h1:grPzCBYUzMVWmA3s7tkDccohxGXWaowYtrCE8mgJsBI=
github.com/sebas05000/go-imap-move v1.1.2/go.mod h1:QKSxp4fIB33gtDfuDxndOSBkCr6XkJWGq2ZTXAERSF8=
github.com/sebas05000/go-imap-specialuse v1.1.2 h1:06crkS47MuTnPCGkTcf55tPvuecwHTWjABuhlgeRS+s=
github.com/sebas05000/go-imap-specialuse v1.1.2/go.mod h1:AL3ZTuUnGX9AbjQ1LygcBTyPvFs+abefj1PLXcU9M/k=
github.com/sebas05000/go-sasl v1.0.0 h1:6U+0wccY44QBzCSwzhfsQNR9O7uaAJLQkBkv0YSBHJs=
github.com/sebas05000/go-sasl v1.0.0/go.mod h1:iodGM25WxPpaiC+c3e1sUuTk+cq7Phbx3Lr6YqhEBoc=
github.com/sebas05000/go-smtp v1.0.0 h1:8XjGyxGWT631/APp1EuiQxcXZJyXoS2H/9Ftn0b9iVI=
github.com/sebas05000/go-smtp v1.0.0/go.mod h1:gHd4gelJsTnnDZDBuaTqnnlBxO2/p1k/i8UTtqMZ+8M=
golang.org/x/crypto v0.0.0-20210322153248-0c34fe9e7dc2/go.mod h1:T9bdIzuCu7OtxOm1hfPfRQxPLYneinmdGuTeoZ9dtd4=
golang.org/x/crypto v0.0.0-20220518034528-6f7dac969898 h1:SLP7Q4Di66FONjDJbCYrCRrh97focO6sLogHO7/g8F0=
golang.org/x/crypto v0.0.0-20220518034528-6f7dac969898/go.mod h1:IxCIyHEi3zRg3s0A5j5BB6A9Jmi73HwBIUl50j+osU4=
golang.org/x/net v0.0.0-20210226172049-e18ecbb05110/go.mod h1:m0MpNAwzfU5UDzcl9v0D8zg8gWTRqZa9RBIspLL5mdg=
golang.org/x/net v0.0.0-20211112202133-69e39bad7dc2/go.mod h1:9nx3DQGgdP8bBQD5qxJ1jj9UTztislL4KSBs9R2vV5Y=
golang.org/x/sys v0.0.0-20201119102817-f84b799fce68/go.mod h1:h1NjWce9XRLGQEsW7wpKNCjG9DtNlClVuFLEZdDNbEs=
golang.org/x/sys v0.0.0-20210423082822-04245dca01da/go.mod h1:h1NjWce9XRLGQEsW7wpKNCjG9DtNlClVuFLEZdDNbEs=
golang.org/x/sys v0.0.0-20210615035016-665e8c7367d1/go.mod h1:oPkhp1MJrh7nUepCBck5+mAzfO9JrbApNNgaTdGDITg=
golang.org/x/sys v0.0.0-20210630005230-0f9fa26af87c/go.mod h1:oPkhp1MJrh7nUepCBck5+mAzfO9JrbApNNgaTdGDITg=
golang.org/x/sys v0.0.0-20220520151302-bc2c85ada10a h1:dGzPydgVsqGcTRVwiLJ1jVbufYwmzD3LfVPLKsKg+0k=
golang.org/x/sys v0.0.0-20220520151302-bc2c85ada10a/go.mod h1:oPkhp1MJrh7nUepCBck5+mAzfO9JrbApNNgaTdGDITg=
golang.org/x/term v0.0.0-20201126162022-7de9c90e9dd1/go.mod h1:bj7SfCRtBDWHUb9snDiAeCFNEtKQo2Wmx5Cou7ajbmo=
golang.org/x/term v0.0.0-20220411215600-e5f449aeb171 h1:EH1Deb8WZJ0xc0WK//leUHXcX9aLE5SymusoTmMZye8=
golang.org/x/term v0.0.0-20220411215600-e5f449aeb171/go.mod h1:jbD1KX2456YbFQfuXm/mYQcufACuNUgVhRMnK/tPxf8=
golang.org/x/text v0.3.3/go.mod h1:5Zoc/QRtKVWzQhOtBMvqHzDpF6irO9z98xDceosuGiQ=
golang.org/x/text v0.3.6/go.mod h1:5Zoc/QRtKVWzQhOtBMvqHzDpF6irO9z98xDceosuGiQ=
golang.org/x/text v0.3.7 h1:olpwvP2KacW1ZWvsR7uQhoyTYvKAupfQrRGBFM352Gk=
golang.org/x/text v0.3.7/go.mod h1:u+2+/6zg+i71rQMx5EYifcz6MCKuco9NR6JIITiCfzQ=
golang.org/x/tools v0.0.0-20180917221912-90fa682c2a6e/go.mod h1:n7NCudcB/nEzxVGmLbDWY5pfWTLqBcC2KZ6jyYvM4mQ=
